
Microsoft Visual Studio Solution File, Format Version 12.00
# Visual Studio Version 17
VisualStudioVersion = 17.5.33530.505
MinimumVisualStudioVersion = 10.0.40219.1
Project("{FAE04EC0-301F-11D3-BF4B-00C04F79EFBC}") = "E-shop", "E-shop\E-shop.csproj", "{2A65C4E5-05C7-44DB-9EA1-C368B06F2674}"
EndProject
Project("{FAE04EC0-301F-11D3-BF4B-00C04F79EFBC}") = "Shop.api", "Shop.api\Shop.api.csproj", "{4A1CD6C2-7D4A-491F-B606-7D0EEA425BFA}"
EndProject
Global
	GlobalSection(SolutionConfigurationPlatforms) = preSolution
		Debug|Any CPU = Debug|Any CPU
		Release|Any CPU = Release|Any CPU
	EndGlobalSection
	GlobalSection(ProjectConfigurationPlatforms) = postSolution
		{2A65C4E5-05C7-44DB-9EA1-C368B06F2674}.Debug|Any CPU.ActiveCfg = Debug|Any CPU
		{2A65C4E5-05C7-44DB-9EA1-C368B06F2674}.Debug|Any CPU.Build.0 = Debug|Any CPU
		{2A65C4E5-05C7-44DB-9EA1-C368B06F2674}.Release|Any CPU.ActiveCfg = Release|Any CPU
		{2A65C4E5-05C7-44DB-9EA1-C368B06F2674}.Release|Any CPU.Build.0 = Release|Any CPU
		{4A1CD6C2-7D4A-491F-B606-7D0EEA425BFA}.Debug|Any CPU.ActiveCfg = Debug|Any CPU
		{4A1CD6C2-7D4A-491F-B606-7D0EEA425BFA}.Debug|Any CPU.Build.0 = Debug|Any CPU
		{4A1CD6C2-7D4A-491F-B606-7D0EEA425BFA}.Release|Any CPU.ActiveCfg = Release|Any CPU
		{4A1CD6C2-7D4A-491F-B606-7D0EEA425BFA}.Release|Any CPU.Build.0 = Release|Any CPU
	EndGlobalSection
	GlobalSection(SolutionProperties) = preSolution
		HideSolutionNode = FALSE
	EndGlobalSection
	GlobalSection(ExtensibilityGlobals) = postSolution
		SolutionGuid = {89E593A9-CBE3-48B9-ABA0-6C982900C0E5}
	EndGlobalSection
EndGlobal
